// !$*UTF8*$!
{
	archiveVersion = 1;
	classes = {
	};
	objectVersion = 50;
	objects = {

/* Begin PBXBuildFile section */
		585D9307FD42A7172FD0E2EF /* Pods_PageEditor.framework in Frameworks */ = {isa = PBXBuildFile; fileRef = F29BB9908B78D2473C9F8763 /* Pods_PageEditor.framework */; };
		B207A57922323A12006C6BDA /* AEArticle.swift in Sources */ = {isa = PBXBuildFile; fileRef = B207A57822323A12006C6BDA /* AEArticle.swift */; };
		B207A57B22323A4E006C6BDA /* AENakamichiAPI.swift in Sources */ = {isa = PBXBuildFile; fileRef = B207A57A22323A4E006C6BDA /* AENakamichiAPI.swift */; };
		B207A57E22323DBC006C6BDA /* AEMasterViewController.swift in Sources */ = {isa = PBXBuildFile; fileRef = B207A57D22323DBC006C6BDA /* AEMasterViewController.swift */; };
		B207A580223246B2006C6BDA /* AEMasterViewModel.swift in Sources */ = {isa = PBXBuildFile; fileRef = B207A57F223246B2006C6BDA /* AEMasterViewModel.swift */; };
		B207A58322324C57006C6BDA /* AEPreviewViewController.swift in Sources */ = {isa = PBXBuildFile; fileRef = B207A58222324C57006C6BDA /* AEPreviewViewController.swift */; };
		B207A58522324C78006C6BDA /* AEPreviewViewModel.swift in Sources */ = {isa = PBXBuildFile; fileRef = B207A58422324C78006C6BDA /* AEPreviewViewModel.swift */; };
		B207A587223263E7006C6BDA /* AEEditorManager.swift in Sources */ = {isa = PBXBuildFile; fileRef = B207A586223263E7006C6BDA /* AEEditorManager.swift */; };
		B22246792232AC8400DB64A4 /* RMStorage.swift in Sources */ = {isa = PBXBuildFile; fileRef = B22246782232AC8400DB64A4 /* RMStorage.swift */; };
		B22246842232B53F00DB64A4 /* Ex+UIImage.swift in Sources */ = {isa = PBXBuildFile; fileRef = B222467D2232B53F00DB64A4 /* Ex+UIImage.swift */; };
		B22246852232B53F00DB64A4 /* Ex+Swift.swift in Sources */ = {isa = PBXBuildFile; fileRef = B222467E2232B53F00DB64A4 /* Ex+Swift.swift */; };
		B22246872232B53F00DB64A4 /* Ex+Foundation.swift in Sources */ = {isa = PBXBuildFile; fileRef = B22246802232B53F00DB64A4 /* Ex+Foundation.swift */; };
		B22246882232B53F00DB64A4 /* Ex+UIKit.swift in Sources */ = {isa = PBXBuildFile; fileRef = B22246812232B53F00DB64A4 /* Ex+UIKit.swift */; };
		B22246892232B53F00DB64A4 /* Ex+UIColor.swift in Sources */ = {isa = PBXBuildFile; fileRef = B22246822232B53F00DB64A4 /* Ex+UIColor.swift */; };
		B222468A2232B53F00DB64A4 /* Ex+CoreGraphics.swift in Sources */ = {isa = PBXBuildFile; fileRef = B22246832232B53F00DB64A4 /* Ex+CoreGraphics.swift */; };
		B22B371522474FB7000C41DA /* AEMetadataEditoViewController.swift in Sources */ = {isa = PBXBuildFile; fileRef = B22B371422474FB7000C41DA /* AEMetadataEditoViewController.swift */; };
		B22B371722474FBE000C41DA /* AEMetadataEditoViewModel.swift in Sources */ = {isa = PBXBuildFile; fileRef = B22B371622474FBE000C41DA /* AEMetadataEditoViewModel.swift */; };
		B264ABBC22412DD900CCE597 /* AEEditorNameCell.swift in Sources */ = {isa = PBXBuildFile; fileRef = B264ABBA22412DD900CCE597 /* AEEditorNameCell.swift */; };
		B264ABBD22412DD900CCE597 /* AEEditorNameCell.xib in Resources */ = {isa = PBXBuildFile; fileRef = B264ABBB22412DD900CCE597 /* AEEditorNameCell.xib */; };
		B264ABBF22412FAB00CCE597 /* AEEditorCell.swift in Sources */ = {isa = PBXBuildFile; fileRef = B264ABBE22412FAB00CCE597 /* AEEditorCell.swift */; };
		B26C1B042240CBA600CCF173 /* AEEditorParagraphCell.xib in Resources */ = {isa = PBXBuildFile; fileRef = B26C1B032240CBA600CCF173 /* AEEditorParagraphCell.xib */; };
		B26C1B062240CBAF00CCF173 /* AEEditorParagraphCell.swift in Sources */ = {isa = PBXBuildFile; fileRef = B26C1B052240CBAF00CCF173 /* AEEditorParagraphCell.swift */; };
		B26C1B0A2240E86700CCF173 /* AEEditorImageCell.swift in Sources */ = {isa = PBXBuildFile; fileRef = B26C1B082240E86700CCF173 /* AEEditorImageCell.swift */; };
		B26C1B0B2240E86700CCF173 /* AEEditorImageCell.xib in Resources */ = {isa = PBXBuildFile; fileRef = B26C1B092240E86700CCF173 /* AEEditorImageCell.xib */; };
		B26C1B0E2240ED0D00CCF173 /* AEEditorHeadlineCell.swift in Sources */ = {isa = PBXBuildFile; fileRef = B26C1B0C2240ED0D00CCF173 /* AEEditorHeadlineCell.swift */; };
		B26C1B0F2240ED0D00CCF173 /* AEEditorHeadlineCell.xib in Resources */ = {isa = PBXBuildFile; fileRef = B26C1B0D2240ED0D00CCF173 /* AEEditorHeadlineCell.xib */; };
		B27AFC78223F5A3E00DE850A /* preview_html_template.tpl in Resources */ = {isa = PBXBuildFile; fileRef = B27AFC77223F5A3E00DE850A /* preview_html_template.tpl */; };
		B27AFC7B223F5DBD00DE850A /* AEEditorViewController.swift in Sources */ = {isa = PBXBuildFile; fileRef = B27AFC7A223F5DBD00DE850A /* AEEditorViewController.swift */; };
		B27AFC7D223FE94300DE850A /* AEMasterTableViewCell.swift in Sources */ = {isa = PBXBuildFile; fileRef = B27AFC7C223FE94200DE850A /* AEMasterTableViewCell.swift */; };
		B27AFC7F223FE96800DE850A /* AEMasterTableViewCell.xib in Resources */ = {isa = PBXBuildFile; fileRef = B27AFC7E223FE96800DE850A /* AEMasterTableViewCell.xib */; };
		B27AFC81223FECEE00DE850A /* AEEditorViewModel.swift in Sources */ = {isa = PBXBuildFile; fileRef = B27AFC80223FECEE00DE850A /* AEEditorViewModel.swift */; };
		B28D2A73223237CC0077E6CD /* AppDelegate.swift in Sources */ = {isa = PBXBuildFile; fileRef = B28D2A72223237CC0077E6CD /* AppDelegate.swift */; };
		B28D2A78223237CC0077E6CD /* Main.storyboard in Resources */ = {isa = PBXBuildFile; fileRef = B28D2A76223237CC0077E6CD /* Main.storyboard */; };
		B28D2A7A223237CC0077E6CD /* Assets.xcassets in Resources */ = {isa = PBXBuildFile; fileRef = B28D2A79223237CC0077E6CD /* Assets.xcassets */; };
		B28D2A7D223237CC0077E6CD /* LaunchScreen.storyboard in Resources */ = {isa = PBXBuildFile; fileRef = B28D2A7B223237CC0077E6CD /* LaunchScreen.storyboard */; };
		B2EE6C7F223A99C000D260EB /* _AEArticleConverter.swift in Sources */ = {isa = PBXBuildFile; fileRef = B2EE6C7E223A99C000D260EB /* _AEArticleConverter.swift */; };
		B2EE6C81223A99D700D260EB /* AEEditableArticle.swift in Sources */ = {isa = PBXBuildFile; fileRef = B2EE6C80223A99D700D260EB /* AEEditableArticle.swift */; };
		B2EE6C83223A99E400D260EB /* AEArticleNodes.swift in Sources */ = {isa = PBXBuildFile; fileRef = B2EE6C82223A99E400D260EB /* AEArticleNodes.swift */; };
		B2EE6C8C223B4D6800D260EB /* PageEditorTests.swift in Sources */ = {isa = PBXBuildFile; fileRef = B2EE6C8B223B4D6800D260EB /* PageEditorTests.swift */; };
/* End PBXBuildFile section */

/* Begin PBXContainerItemProxy section */
		B2EE6C8E223B4D6800D260EB /* PBXContainerItemProxy */ = {
			isa = PBXContainerItemProxy;
			containerPortal = B28D2A67223237CC0077E6CD /* Project object */;
			proxyType = 1;
			remoteGlobalIDString = B28D2A6E223237CC0077E6CD;
			remoteInfo = PageEditor;
		};
/* End PBXContainerItemProxy section */

/* Begin PBXFileReference section */
		B207A57822323A12006C6BDA /* AEArticle.swift */ = {isa = PBXFileReference; lastKnownFileType = sourcecode.swift; path = AEArticle.swift; sourceTree = "<group>"; };
		B207A57A22323A4E006C6BDA /* AENakamichiAPI.swift */ = {isa = PBXFileReference; lastKnownFileType = sourcecode.swift; path = AENakamichiAPI.swift; sourceTree = "<group>"; };
		B207A57D22323DBC006C6BDA /* AEMasterViewController.swift */ = {isa = PBXFileReference; lastKnownFileType = sourcecode.swift; path = AEMasterViewController.swift; sourceTree = "<group>"; };
		B207A57F223246B2006C6BDA /* AEMasterViewModel.swift */ = {isa = PBXFileReference; lastKnownFileType = sourcecode.swift; path = AEMasterViewModel.swift; sourceTree = "<group>"; };
		B207A58222324C57006C6BDA /* AEPreviewViewController.swift */ = {isa = PBXFileReference; lastKnownFileType = sourcecode.swift; path = AEPreviewViewController.swift; sourceTree = "<group>"; };
		B207A58422324C78006C6BDA /* AEPreviewViewModel.swift */ = {isa = PBXFileReference; lastKnownFileType = sourcecode.swift; path = AEPreviewViewModel.swift; sourceTree = "<group>"; };
		B207A586223263E7006C6BDA /* AEEditorManager.swift */ = {isa = PBXFileReference; lastKnownFileType = sourcecode.swift; path = AEEditorManager.swift; sourceTree = "<group>"; };
		B22246782232AC8400DB64A4 /* RMStorage.swift */ = {isa = PBXFileReference; fileEncoding = 4; lastKnownFileType = sourcecode.swift; path = RMStorage.swift; sourceTree = "<group>"; };
		B222467D2232B53F00DB64A4 /* Ex+UIImage.swift */ = {isa = PBXFileReference; fileEncoding = 4; lastKnownFileType = sourcecode.swift; path = "Ex+UIImage.swift"; sourceTree = "<group>"; };
		B222467E2232B53F00DB64A4 /* Ex+Swift.swift */ = {isa = PBXFileReference; fileEncoding = 4; lastKnownFileType = sourcecode.swift; path = "Ex+Swift.swift"; sourceTree = "<group>"; };
		B22246802232B53F00DB64A4 /* Ex+Foundation.swift */ = {isa = PBXFileReference; fileEncoding = 4; lastKnownFileType = sourcecode.swift; path = "Ex+Foundation.swift"; sourceTree = "<group>"; };
		B22246812232B53F00DB64A4 /* Ex+UIKit.swift */ = {isa = PBXFileReference; fileEncoding = 4; lastKnownFileType = sourcecode.swift; path = "Ex+UIKit.swift"; sourceTree = "<group>"; };
		B22246822232B53F00DB64A4 /* Ex+UIColor.swift */ = {isa = PBXFileReference; fileEncoding = 4; lastKnownFileType = sourcecode.swift; path = "Ex+UIColor.swift"; sourceTree = "<group>"; };
		B22246832232B53F00DB64A4 /* Ex+CoreGraphics.swift */ = {isa = PBXFileReference; fileEncoding = 4; lastKnownFileType = sourcecode.swift; path = "Ex+CoreGraphics.swift"; sourceTree = "<group>"; };
		B22B371422474FB7000C41DA /* AEMetadataEditoViewController.swift */ = {isa = PBXFileReference; lastKnownFileType = sourcecode.swift; path = AEMetadataEditoViewController.swift; sourceTree = "<group>"; };
		B22B371622474FBE000C41DA /* AEMetadataEditoViewModel.swift */ = {isa = PBXFileReference; lastKnownFileType = sourcecode.swift; path = AEMetadataEditoViewModel.swift; sourceTree = "<group>"; };
		B264ABBA22412DD900CCE597 /* AEEditorNameCell.swift */ = {isa = PBXFileReference; lastKnownFileType = sourcecode.swift; path = AEEditorNameCell.swift; sourceTree = "<group>"; };
		B264ABBB22412DD900CCE597 /* AEEditorNameCell.xib */ = {isa = PBXFileReference; lastKnownFileType = file.xib; path = AEEditorNameCell.xib; sourceTree = "<group>"; };
		B264ABBE22412FAB00CCE597 /* AEEditorCell.swift */ = {isa = PBXFileReference; lastKnownFileType = sourcecode.swift; path = AEEditorCell.swift; sourceTree = "<group>"; };
		B26C1B032240CBA600CCF173 /* AEEditorParagraphCell.xib */ = {isa = PBXFileReference; lastKnownFileType = file.xib; path = AEEditorParagraphCell.xib; sourceTree = "<group>"; };
		B26C1B052240CBAF00CCF173 /* AEEditorParagraphCell.swift */ = {isa = PBXFileReference; lastKnownFileType = sourcecode.swift; path = AEEditorParagraphCell.swift; sourceTree = "<group>"; };
		B26C1B082240E86700CCF173 /* AEEditorImageCell.swift */ = {isa = PBXFileReference; lastKnownFileType = sourcecode.swift; path = AEEditorImageCell.swift; sourceTree = "<group>"; };
		B26C1B092240E86700CCF173 /* AEEditorImageCell.xib */ = {isa = PBXFileReference; lastKnownFileType = file.xib; path = AEEditorImageCell.xib; sourceTree = "<group>"; };
		B26C1B0C2240ED0D00CCF173 /* AEEditorHeadlineCell.swift */ = {isa = PBXFileReference; lastKnownFileType = sourcecode.swift; path = AEEditorHeadlineCell.swift; sourceTree = "<group>"; };
		B26C1B0D2240ED0D00CCF173 /* AEEditorHeadlineCell.xib */ = {isa = PBXFileReference; lastKnownFileType = file.xib; path = AEEditorHeadlineCell.xib; sourceTree = "<group>"; };
		B27AFC77223F5A3E00DE850A /* preview_html_template.tpl */ = {isa = PBXFileReference; lastKnownFileType = text; path = preview_html_template.tpl; sourceTree = "<group>"; };
		B27AFC7A223F5DBD00DE850A /* AEEditorViewController.swift */ = {isa = PBXFileReference; lastKnownFileType = sourcecode.swift; path = AEEditorViewController.swift; sourceTree = "<group>"; };
		B27AFC7C223FE94200DE850A /* AEMasterTableViewCell.swift */ = {isa = PBXFileReference; lastKnownFileType = sourcecode.swift; path = AEMasterTableViewCell.swift; sourceTree = "<group>"; };
		B27AFC7E223FE96800DE850A /* AEMasterTableViewCell.xib */ = {isa = PBXFileReference; lastKnownFileType = file.xib; path = AEMasterTableViewCell.xib; sourceTree = "<group>"; };
		B27AFC80223FECEE00DE850A /* AEEditorViewModel.swift */ = {isa = PBXFileReference; lastKnownFileType = sourcecode.swift; path = AEEditorViewModel.swift; sourceTree = "<group>"; };
		B28D2A6F223237CC0077E6CD /* PageEditor.app */ = {isa = PBXFileReference; explicitFileType = wrapper.application; includeInIndex = 0; path = PageEditor.app; sourceTree = BUILT_PRODUCTS_DIR; };
		B28D2A72223237CC0077E6CD /* AppDelegate.swift */ = {isa = PBXFileReference; lastKnownFileType = sourcecode.swift; path = AppDelegate.swift; sourceTree = "<group>"; };
		B28D2A77223237CC0077E6CD /* Base */ = {isa = PBXFileReference; lastKnownFileType = file.storyboard; name = Base; path = Base.lproj/Main.storyboard; sourceTree = "<group>"; };
		B28D2A79223237CC0077E6CD /* Assets.xcassets */ = {isa = PBXFileReference; lastKnownFileType = folder.assetcatalog; path = Assets.xcassets; sourceTree = "<group>"; };
		B28D2A7C223237CC0077E6CD /* Base */ = {isa = PBXFileReference; lastKnownFileType = file.storyboard; name = Base; path = Base.lproj/LaunchScreen.storyboard; sourceTree = "<group>"; };
		B28D2A7E223237CC0077E6CD /* Info.plist */ = {isa = PBXFileReference; lastKnownFileType = text.plist.xml; path = Info.plist; sourceTree = "<group>"; };
		B2EE6C7E223A99C000D260EB /* _AEArticleConverter.swift */ = {isa = PBXFileReference; lastKnownFileType = sourcecode.swift; path = _AEArticleConverter.swift; sourceTree = "<group>"; };
		B2EE6C80223A99D700D260EB /* AEEditableArticle.swift */ = {isa = PBXFileReference; lastKnownFileType = sourcecode.swift; path = AEEditableArticle.swift; sourceTree = "<group>"; };
		B2EE6C82223A99E400D260EB /* AEArticleNodes.swift */ = {isa = PBXFileReference; lastKnownFileType = sourcecode.swift; path = AEArticleNodes.swift; sourceTree = "<group>"; };
		B2EE6C89223B4D6800D260EB /* PageEditorTests.xctest */ = {isa = PBXFileReference; explicitFileType = wrapper.cfbundle; includeInIndex = 0; path = PageEditorTests.xctest; sourceTree = BUILT_PRODUCTS_DIR; };
		B2EE6C8B223B4D6800D260EB /* PageEditorTests.swift */ = {isa = PBXFileReference; lastKnownFileType = sourcecode.swift; path = PageEditorTests.swift; sourceTree = "<group>"; };
		B2EE6C8D223B4D6800D260EB /* Info.plist */ = {isa = PBXFileReference; lastKnownFileType = text.plist.xml; path = Info.plist; sourceTree = "<group>"; };
		E5DDB6331CB1CF40EBD86EDE /* Pods-PageEditor.debug.xcconfig */ = {isa = PBXFileReference; includeInIndex = 1; lastKnownFileType = text.xcconfig; name = "Pods-PageEditor.debug.xcconfig"; path = "Target Support Files/Pods-PageEditor/Pods-PageEditor.debug.xcconfig"; sourceTree = "<group>"; };
		F29BB9908B78D2473C9F8763 /* Pods_PageEditor.framework */ = {isa = PBXFileReference; explicitFileType = wrapper.framework; includeInIndex = 0; path = Pods_PageEditor.framework; sourceTree = BUILT_PRODUCTS_DIR; };
		F6D66365A7D414DF44965D25 /* Pods-PageEditor.release.xcconfig */ = {isa = PBXFileReference; includeInIndex = 1; lastKnownFileType = text.xcconfig; name = "Pods-PageEditor.release.xcconfig"; path = "Target Support Files/Pods-PageEditor/Pods-PageEditor.release.xcconfig"; sourceTree = "<group>"; };
/* End PBXFileReference section */

/* Begin PBXFrameworksBuildPhase section */
		B28D2A6C223237CC0077E6CD /* Frameworks */ = {
			isa = PBXFrameworksBuildPhase;
			buildActionMask = 2147483647;
			files = (
				585D9307FD42A7172FD0E2EF /* Pods_PageEditor.framework in Frameworks */,
			);
			runOnlyForDeploymentPostprocessing = 0;
		};
		B2EE6C86223B4D6800D260EB /* Frameworks */ = {
			isa = PBXFrameworksBuildPhase;
			buildActionMask = 2147483647;
			files = (
			);
			runOnlyForDeploymentPostprocessing = 0;
		};
/* End PBXFrameworksBuildPhase section */

/* Begin PBXGroup section */
		21BC86C451A3AF1A6CB91A36 /* Frameworks */ = {
			isa = PBXGroup;
			children = (
				F29BB9908B78D2473C9F8763 /* Pods_PageEditor.framework */,
			);
			name = Frameworks;
			sourceTree = "<group>";
		};
		B207A574223239E4006C6BDA /* Manager */ = {
			isa = PBXGroup;
			children = (
				B2EE6C84223A9A3500D260EB /* AEEditable */,
				B207A57A22323A4E006C6BDA /* AENakamichiAPI.swift */,
				B207A586223263E7006C6BDA /* AEEditorManager.swift */,
			);
			path = Manager;
			sourceTree = "<group>";
		};
		B207A576223239F0006C6BDA /* Core */ = {
			isa = PBXGroup;
			children = (
				B207A57822323A12006C6BDA /* AEArticle.swift */,
			);
			path = Core;
			sourceTree = "<group>";
		};
		B207A57722323A04006C6BDA /* CommonLib */ = {
			isa = PBXGroup;
			children = (
				B222467C2232B53F00DB64A4 /* extensions */,
				B22246782232AC8400DB64A4 /* RMStorage.swift */,
			);
			path = CommonLib;
			sourceTree = "<group>";
		};
		B207A57C22323DA5006C6BDA /* Master */ = {
			isa = PBXGroup;
			children = (
				B207A57D22323DBC006C6BDA /* AEMasterViewController.swift */,
				B207A57F223246B2006C6BDA /* AEMasterViewModel.swift */,
				B27AFC7C223FE94200DE850A /* AEMasterTableViewCell.swift */,
				B27AFC7E223FE96800DE850A /* AEMasterTableViewCell.xib */,
			);
			path = Master;
			sourceTree = "<group>";
		};
		B207A58122324C46006C6BDA /* Preview */ = {
			isa = PBXGroup;
			children = (
				B207A58222324C57006C6BDA /* AEPreviewViewController.swift */,
				B207A58422324C78006C6BDA /* AEPreviewViewModel.swift */,
			);
			path = Preview;
			sourceTree = "<group>";
		};
		B222467C2232B53F00DB64A4 /* extensions */ = {
			isa = PBXGroup;
			children = (
				B222467D2232B53F00DB64A4 /* Ex+UIImage.swift */,
				B222467E2232B53F00DB64A4 /* Ex+Swift.swift */,
				B22246802232B53F00DB64A4 /* Ex+Foundation.swift */,
				B22246812232B53F00DB64A4 /* Ex+UIKit.swift */,
				B22246822232B53F00DB64A4 /* Ex+UIColor.swift */,
				B22246832232B53F00DB64A4 /* Ex+CoreGraphics.swift */,
			);
			path = extensions;
			sourceTree = "<group>";
		};
		B22B371322474F9B000C41DA /* Metadata */ = {
			isa = PBXGroup;
			children = (
				B22B371422474FB7000C41DA /* AEMetadataEditoViewController.swift */,
				B22B371622474FBE000C41DA /* AEMetadataEditoViewModel.swift */,
			);
			path = Metadata;
			sourceTree = "<group>";
		};
		B26C1B072240CEB800CCF173 /* Cells */ = {
			isa = PBXGroup;
			children = (
				B26C1B032240CBA600CCF173 /* AEEditorParagraphCell.xib */,
				B26C1B052240CBAF00CCF173 /* AEEditorParagraphCell.swift */,
				B26C1B092240E86700CCF173 /* AEEditorImageCell.xib */,
				B26C1B082240E86700CCF173 /* AEEditorImageCell.swift */,
				B26C1B0D2240ED0D00CCF173 /* AEEditorHeadlineCell.xib */,
				B26C1B0C2240ED0D00CCF173 /* AEEditorHeadlineCell.swift */,
				B264ABBB22412DD900CCE597 /* AEEditorNameCell.xib */,
				B264ABBA22412DD900CCE597 /* AEEditorNameCell.swift */,
				B264ABBE22412FAB00CCE597 /* AEEditorCell.swift */,
			);
			path = Cells;
			sourceTree = "<group>";
		};
		B27AFC76223F5A1700DE850A /* Assetes */ = {
			isa = PBXGroup;
			children = (
				B28D2A79223237CC0077E6CD /* Assets.xcassets */,
				B28D2A7B223237CC0077E6CD /* LaunchScreen.storyboard */,
				B28D2A76223237CC0077E6CD /* Main.storyboard */,
				B27AFC77223F5A3E00DE850A /* preview_html_template.tpl */,
			);
			path = Assetes;
			sourceTree = "<group>";
		};
		B27AFC79223F5D9700DE850A /* Editor */ = {
			isa = PBXGroup;
			children = (
				B26C1B072240CEB800CCF173 /* Cells */,
				B27AFC7A223F5DBD00DE850A /* AEEditorViewController.swift */,
				B27AFC80223FECEE00DE850A /* AEEditorViewModel.swift */,
			);
			path = Editor;
			sourceTree = "<group>";
		};
		B28D2A66223237CC0077E6CD = {
			isa = PBXGroup;
			children = (
				B28D2A71223237CC0077E6CD /* PageEditor */,
				B2EE6C8A223B4D6800D260EB /* PageEditorTests */,
				B28D2A70223237CC0077E6CD /* Products */,
				D86D4EAD65914FA6AED03899 /* Pods */,
				21BC86C451A3AF1A6CB91A36 /* Frameworks */,
			);
			sourceTree = "<group>";
		};
		B28D2A70223237CC0077E6CD /* Products */ = {
			isa = PBXGroup;
			children = (
				B28D2A6F223237CC0077E6CD /* PageEditor.app */,
				B2EE6C89223B4D6800D260EB /* PageEditorTests.xctest */,
			);
			name = Products;
			sourceTree = "<group>";
		};
		B28D2A71223237CC0077E6CD /* PageEditor */ = {
			isa = PBXGroup;
			children = (
				B28D2A72223237CC0077E6CD /* AppDelegate.swift */,
				B28D2A7E223237CC0077E6CD /* Info.plist */,
				B207A57722323A04006C6BDA /* CommonLib */,
				B207A576223239F0006C6BDA /* Core */,
				B207A574223239E4006C6BDA /* Manager */,
				B28D2A842232397F0077E6CD /* View-ViewModel */,
				B27AFC76223F5A1700DE850A /* Assetes */,
			);
			path = PageEditor;
			sourceTree = "<group>";
		};
		B28D2A842232397F0077E6CD /* View-ViewModel */ = {
			isa = PBXGroup;
			children = (
				B22B371322474F9B000C41DA /* Metadata */,
				B27AFC79223F5D9700DE850A /* Editor */,
				B207A58122324C46006C6BDA /* Preview */,
				B207A57C22323DA5006C6BDA /* Master */,
			);
			path = "View-ViewModel";
			sourceTree = "<group>";
		};
		B2EE6C84223A9A3500D260EB /* AEEditable */ = {
			isa = PBXGroup;
			children = (
				B2EE6C7E223A99C000D260EB /* _AEArticleConverter.swift */,
				B2EE6C80223A99D700D260EB /* AEEditableArticle.swift */,
				B2EE6C82223A99E400D260EB /* AEArticleNodes.swift */,
			);
			path = AEEditable;
			sourceTree = "<group>";
		};
		B2EE6C8A223B4D6800D260EB /* PageEditorTests */ = {
			isa = PBXGroup;
			children = (
				B2EE6C8B223B4D6800D260EB /* PageEditorTests.swift */,
				B2EE6C8D223B4D6800D260EB /* Info.plist */,
			);
			path = PageEditorTests;
			sourceTree = "<group>";
		};
		D86D4EAD65914FA6AED03899 /* Pods */ = {
			isa = PBXGroup;
			children = (
				E5DDB6331CB1CF40EBD86EDE /* Pods-PageEditor.debug.xcconfig */,
				F6D66365A7D414DF44965D25 /* Pods-PageEditor.release.xcconfig */,
			);
			path = Pods;
			sourceTree = "<group>";
		};
/* End PBXGroup section */

/* Begin PBXNativeTarget section */
		B28D2A6E223237CC0077E6CD /* PageEditor */ = {
			isa = PBXNativeTarget;
			buildConfigurationList = B28D2A81223237CC0077E6CD /* Build configuration list for PBXNativeTarget "PageEditor" */;
			buildPhases = (
				28AE1A0770E4DF33FB78576D /* [CP] Check Pods Manifest.lock */,
				B28D2A6B223237CC0077E6CD /* Sources */,
				B28D2A6C223237CC0077E6CD /* Frameworks */,
				B28D2A6D223237CC0077E6CD /* Resources */,
				DFEC3CDA013855E4C31E79B7 /* [CP] Embed Pods Frameworks */,
			);
			buildRules = (
			);
			dependencies = (
			);
			name = PageEditor;
			productName = PageEditor;
			productReference = B28D2A6F223237CC0077E6CD /* PageEditor.app */;
			productType = "com.apple.product-type.application";
		};
		B2EE6C88223B4D6800D260EB /* PageEditorTests */ = {
			isa = PBXNativeTarget;
			buildConfigurationList = B2EE6C90223B4D6800D260EB /* Build configuration list for PBXNativeTarget "PageEditorTests" */;
			buildPhases = (
				B2EE6C85223B4D6800D260EB /* Sources */,
				B2EE6C86223B4D6800D260EB /* Frameworks */,
				B2EE6C87223B4D6800D260EB /* Resources */,
			);
			buildRules = (
			);
			dependencies = (
				B2EE6C8F223B4D6800D260EB /* PBXTargetDependency */,
			);
			name = PageEditorTests;
			productName = PageEditorTests;
			productReference = B2EE6C89223B4D6800D260EB /* PageEditorTests.xctest */;
			productType = "com.apple.product-type.bundle.unit-test";
		};
/* End PBXNativeTarget section */

/* Begin PBXProject section */
		B28D2A67223237CC0077E6CD /* Project object */ = {
			isa = PBXProject;
			attributes = {
				LastSwiftUpdateCheck = 1010;
				LastUpgradeCheck = 1010;
				ORGANIZATIONNAME = yuki;
				TargetAttributes = {
					B28D2A6E223237CC0077E6CD = {
						CreatedOnToolsVersion = 10.1;
					};
					B2EE6C88223B4D6800D260EB = {
						CreatedOnToolsVersion = 10.1;
						TestTargetID = B28D2A6E223237CC0077E6CD;
					};
				};
			};
			buildConfigurationList = B28D2A6A223237CC0077E6CD /* Build configuration list for PBXProject "PageEditor" */;
			compatibilityVersion = "Xcode 9.3";
			developmentRegion = en;
			hasScannedForEncodings = 0;
			knownRegions = (
				en,
				Base,
			);
			mainGroup = B28D2A66223237CC0077E6CD;
			productRefGroup = B28D2A70223237CC0077E6CD /* Products */;
			projectDirPath = "";
			projectRoot = "";
			targets = (
				B28D2A6E223237CC0077E6CD /* PageEditor */,
				B2EE6C88223B4D6800D260EB /* PageEditorTests */,
			);
		};
/* End PBXProject section */

/* Begin PBXResourcesBuildPhase section */
		B28D2A6D223237CC0077E6CD /* Resources */ = {
			isa = PBXResourcesBuildPhase;
			buildActionMask = 2147483647;
			files = (
				B26C1B0F2240ED0D00CCF173 /* AEEditorHeadlineCell.xib in Resources */,
				B26C1B042240CBA600CCF173 /* AEEditorParagraphCell.xib in Resources */,
				B264ABBD22412DD900CCE597 /* AEEditorNameCell.xib in Resources */,
				B27AFC78223F5A3E00DE850A /* preview_html_template.tpl in Resources */,
				B28D2A7D223237CC0077E6CD /* LaunchScreen.storyboard in Resources */,
				B28D2A7A223237CC0077E6CD /* Assets.xcassets in Resources */,
				B27AFC7F223FE96800DE850A /* AEMasterTableViewCell.xib in Resources */,
				B28D2A78223237CC0077E6CD /* Main.storyboard in Resources */,
				B26C1B0B2240E86700CCF173 /* AEEditorImageCell.xib in Resources */,
			);
			runOnlyForDeploymentPostprocessing = 0;
		};
		B2EE6C87223B4D6800D260EB /* Resources */ = {
			isa = PBXResourcesBuildPhase;
			buildActionMask = 2147483647;
			files = (
			);
			runOnlyForDeploymentPostprocessing = 0;
		};
/* End PBXResourcesBuildPhase section */

/* Begin PBXShellScriptBuildPhase section */
		28AE1A0770E4DF33FB78576D /* [CP] Check Pods Manifest.lock */ = {
			isa = PBXShellScriptBuildPhase;
			buildActionMask = 2147483647;
			files = (
			);
			inputFileListPaths = (
			);
			inputPaths = (
				"${PODS_PODFILE_DIR_PATH}/Podfile.lock",
				"${PODS_ROOT}/Manifest.lock",
			);
			name = "[CP] Check Pods Manifest.lock";
			outputFileListPaths = (
			);
			outputPaths = (
				"$(DERIVED_FILE_DIR)/Pods-PageEditor-checkManifestLockResult.txt",
			);
			runOnlyForDeploymentPostprocessing = 0;
			shellPath = /bin/sh;
			shellScript = "diff \"${PODS_PODFILE_DIR_PATH}/Podfile.lock\" \"${PODS_ROOT}/Manifest.lock\" > /dev/null\nif [ $? != 0 ] ; then\n    # print error to STDERR\n    echo \"error: The sandbox is not in sync with the Podfile.lock. Run 'pod install' or update your CocoaPods installation.\" >&2\n    exit 1\nfi\n# This output is used by Xcode 'outputs' to avoid re-running this script phase.\necho \"SUCCESS\" > \"${SCRIPT_OUTPUT_FILE_0}\"\n";
			showEnvVarsInLog = 0;
		};
		DFEC3CDA013855E4C31E79B7 /* [CP] Embed Pods Frameworks */ = {
			isa = PBXShellScriptBuildPhase;
			buildActionMask = 2147483647;
			files = (
			);
			inputFileListPaths = (
			);
			inputPaths = (
				"${PODS_ROOT}/Target Support Files/Pods-PageEditor/Pods-PageEditor-frameworks.sh",
				"${BUILT_PRODUCTS_DIR}/Alamofire/Alamofire.framework",
				"${BUILT_PRODUCTS_DIR}/Ji/Ji.framework",
				"${BUILT_PRODUCTS_DIR}/MarqueeLabel/MarqueeLabel.framework",
				"${BUILT_PRODUCTS_DIR}/PySwiftyRegex/PySwiftyRegex.framework",
				"${BUILT_PRODUCTS_DIR}/RxAtomic/RxAtomic.framework",
				"${BUILT_PRODUCTS_DIR}/RxCocoa/RxCocoa.framework",
				"${BUILT_PRODUCTS_DIR}/RxSwift/RxSwift.framework",
				"${BUILT_PRODUCTS_DIR}/SwiftyJSON/SwiftyJSON.framework",
			);
			name = "[CP] Embed Pods Frameworks";
			outputFileListPaths = (
			);
			outputPaths = (
				"${TARGET_BUILD_DIR}/${FRAMEWORKS_FOLDER_PATH}/Alamofire.framework",
				"${TARGET_BUILD_DIR}/${FRAMEWORKS_FOLDER_PATH}/Ji.framework",
				"${TARGET_BUILD_DIR}/${FRAMEWORKS_FOLDER_PATH}/MarqueeLabel.framework",
				"${TARGET_BUILD_DIR}/${FRAMEWORKS_FOLDER_PATH}/PySwiftyRegex.framework",
				"${TARGET_BUILD_DIR}/${FRAMEWORKS_FOLDER_PATH}/RxAtomic.framework",
				"${TARGET_BUILD_DIR}/${FRAMEWORKS_FOLDER_PATH}/RxCocoa.framework",
				"${TARGET_BUILD_DIR}/${FRAMEWORKS_FOLDER_PATH}/RxSwift.framework",
				"${TARGET_BUILD_DIR}/${FRAMEWORKS_FOLDER_PATH}/SwiftyJSON.framework",
			);
			runOnlyForDeploymentPostprocessing = 0;
			shellPath = /bin/sh;
			shellScript = "\"${PODS_ROOT}/Target Support Files/Pods-PageEditor/Pods-PageEditor-frameworks.sh\"\n";
			showEnvVarsInLog = 0;
		};
/* End PBXShellScriptBuildPhase section */

/* Begin PBXSourcesBuildPhase section */
		B28D2A6B223237CC0077E6CD /* Sources */ = {
			isa = PBXSourcesBuildPhase;
			buildActionMask = 2147483647;
			files = (
				B264ABBF22412FAB00CCE597 /* AEEditorCell.swift in Sources */,
				B22246792232AC8400DB64A4 /* RMStorage.swift in Sources */,
				B222468A2232B53F00DB64A4 /* Ex+CoreGraphics.swift in Sources */,
				B2EE6C83223A99E400D260EB /* AEArticleNodes.swift in Sources */,
				B22246892232B53F00DB64A4 /* Ex+UIColor.swift in Sources */,
				B207A580223246B2006C6BDA /* AEMasterViewModel.swift in Sources */,
				B207A58322324C57006C6BDA /* AEPreviewViewController.swift in Sources */,
				B207A58522324C78006C6BDA /* AEPreviewViewModel.swift in Sources */,
				B27AFC7B223F5DBD00DE850A /* AEEditorViewController.swift in Sources */,
				B22246842232B53F00DB64A4 /* Ex+UIImage.swift in Sources */,
				B207A57B22323A4E006C6BDA /* AENakamichiAPI.swift in Sources */,
				B22246882232B53F00DB64A4 /* Ex+UIKit.swift in Sources */,
				B2EE6C81223A99D700D260EB /* AEEditableArticle.swift in Sources */,
				B26C1B0E2240ED0D00CCF173 /* AEEditorHeadlineCell.swift in Sources */,
				B207A57E22323DBC006C6BDA /* AEMasterViewController.swift in Sources */,
				B26C1B0A2240E86700CCF173 /* AEEditorImageCell.swift in Sources */,
				B22246872232B53F00DB64A4 /* Ex+Foundation.swift in Sources */,
				B26C1B062240CBAF00CCF173 /* AEEditorParagraphCell.swift in Sources */,
				B22B371522474FB7000C41DA /* AEMetadataEditoViewController.swift in Sources */,
				B2EE6C7F223A99C000D260EB /* _AEArticleConverter.swift in Sources */,
				B22246852232B53F00DB64A4 /* Ex+Swift.swift in Sources */,
				B207A587223263E7006C6BDA /* AEEditorManager.swift in Sources */,
				B28D2A73223237CC0077E6CD /* AppDelegate.swift in Sources */,
				B207A57922323A12006C6BDA /* AEArticle.swift in Sources */,
				B264ABBC22412DD900CCE597 /* AEEditorNameCell.swift in Sources */,
				B22B371722474FBE000C41DA /* AEMetadataEditoViewModel.swift in Sources */,
				B27AFC81223FECEE00DE850A /* AEEditorViewModel.swift in Sources */,
				B27AFC7D223FE94300DE850A /* AEMasterTableViewCell.swift in Sources */,
			);
			runOnlyForDeploymentPostprocessing = 0;
		};
		B2EE6C85223B4D6800D260EB /* Sources */ = {
			isa = PBXSourcesBuildPhase;
			buildActionMask = 2147483647;
			files = (
				B2EE6C8C223B4D6800D260EB /* PageEditorTests.swift in Sources */,
			);
			runOnlyForDeploymentPostprocessing = 0;
		};
/* End PBXSourcesBuildPhase section */

/* Begin PBXTargetDependency section */
		B2EE6C8F223B4D6800D260EB /* PBXTargetDependency */ = {
			isa = PBXTargetDependency;
			target = B28D2A6E223237CC0077E6CD /* PageEditor */;
			targetProxy = B2EE6C8E223B4D6800D260EB /* PBXContainerItemProxy */;
		};
/* End PBXTargetDependency section */

/* Begin PBXVariantGroup section */
		B28D2A76223237CC0077E6CD /* Main.storyboard */ = {
			isa = PBXVariantGroup;
			children = (
				B28D2A77223237CC0077E6CD /* Base */,
			);
			name = Main.storyboard;
			sourceTree = "<group>";
		};
		B28D2A7B223237CC0077E6CD /* LaunchScreen.storyboard */ = {
			isa = PBXVariantGroup;
			children = (
				B28D2A7C223237CC0077E6CD /* Base */,
			);
			name = LaunchScreen.storyboard;
			sourceTree = "<group>";
		};
/* End PBXVariantGroup section */

/* Begin XCBuildConfiguration section */
		B28D2A7F223237CC0077E6CD /* Debug */ = {
			isa = XCBuildConfiguration;
			buildSettings = {
				ALWAYS_SEARCH_USER_PATHS = NO;
				CLANG_ANALYZER_NONNULL = YES;
				CLANG_ANALYZER_NUMBER_OBJECT_CONVERSION = YES_AGGRESSIVE;
				CLANG_CXX_LANGUAGE_STANDARD = "gnu++14";
				CLANG_CXX_LIBRARY = "libc++";
				CLANG_ENABLE_MODULES = YES;
				CLANG_ENABLE_OBJC_ARC = YES;
				CLANG_ENABLE_OBJC_WEAK = YES;
				CLANG_WARN_BLOCK_CAPTURE_AUTORELEASING = YES;
				CLANG_WARN_BOOL_CONVERSION = YES;
				CLANG_WARN_COMMA = YES;
				CLANG_WARN_CONSTANT_CONVERSION = YES;
				CLANG_WARN_DEPRECATED_OBJC_IMPLEMENTATIONS = YES;
				CLANG_WARN_DIRECT_OBJC_ISA_USAGE = YES_ERROR;
				CLANG_WARN_DOCUMENTATION_COMMENTS = YES;
				CLANG_WARN_EMPTY_BODY = YES;
				CLANG_WARN_ENUM_CONVERSION = YES;
				CLANG_WARN_INFINITE_RECURSION = YES;
				CLANG_WARN_INT_CONVERSION = YES;
				CLANG_WARN_NON_LITERAL_NULL_CONVERSION = YES;
				CLANG_WARN_OBJC_IMPLICIT_RETAIN_SELF = YES;
				CLANG_WARN_OBJC_LITERAL_CONVERSION = YES;
				CLANG_WARN_OBJC_ROOT_CLASS = YES_ERROR;
				CLANG_WARN_RANGE_LOOP_ANALYSIS = YES;
				CLANG_WARN_STRICT_PROTOTYPES = YES;
				CLANG_WARN_SUSPICIOUS_MOVE = YES;
				CLANG_WARN_UNGUARDED_AVAILABILITY = YES_AGGRESSIVE;
				CLANG_WARN_UNREACHABLE_CODE = YES;
				CLANG_WARN__DUPLICATE_METHOD_MATCH = YES;
				CODE_SIGN_IDENTITY = "iPhone Developer";
				COPY_PHASE_STRIP = NO;
				DEBUG_INFORMATION_FORMAT = dwarf;
				ENABLE_STRICT_OBJC_MSGSEND = YES;
				ENABLE_TESTABILITY = YES;
				GCC_C_LANGUAGE_STANDARD = gnu11;
				GCC_DYNAMIC_NO_PIC = NO;
				GCC_NO_COMMON_BLOCKS = YES;
				GCC_OPTIMIZATION_LEVEL = 0;
				GCC_PREPROCESSOR_DEFINITIONS = (
					"DEBUG=1",
					"$(inherited)",
				);
				GCC_WARN_64_TO_32_BIT_CONVERSION = YES;
				GCC_WARN_ABOUT_RETURN_TYPE = YES_ERROR;
				GCC_WARN_UNDECLARED_SELECTOR = YES;
				GCC_WARN_UNINITIALIZED_AUTOS = YES_AGGRESSIVE;
				GCC_WARN_UNUSED_FUNCTION = YES;
				GCC_WARN_UNUSED_VARIABLE = YES;
				IPHONEOS_DEPLOYMENT_TARGET = 12.1;
				MTL_ENABLE_DEBUG_INFO = INCLUDE_SOURCE;
				MTL_FAST_MATH = YES;
				ONLY_ACTIVE_ARCH = YES;
				SDKROOT = iphoneos;
				SWIFT_ACTIVE_COMPILATION_CONDITIONS = DEBUG;
				SWIFT_OPTIMIZATION_LEVEL = "-Onone";
			};
			name = Debug;
		};
		B28D2A80223237CC0077E6CD /* Release */ = {
			isa = XCBuildConfiguration;
			buildSettings = {
				ALWAYS_SEARCH_USER_PATHS = NO;
				CLANG_ANALYZER_NONNULL = YES;
				CLANG_ANALYZER_NUMBER_OBJECT_CONVERSION = YES_AGGRESSIVE;
				CLANG_CXX_LANGUAGE_STANDARD = "gnu++14";
				CLANG_CXX_LIBRARY = "libc++";
				CLANG_ENABLE_MODULES = YES;
				CLANG_ENABLE_OBJC_ARC = YES;
				CLANG_ENABLE_OBJC_WEAK = YES;
				CLANG_WARN_BLOCK_CAPTURE_AUTORELEASING = YES;
				CLANG_WARN_BOOL_CONVERSION = YES;
				CLANG_WARN_COMMA = YES;
				CLANG_WARN_CONSTANT_CONVERSION = YES;
				CLANG_WARN_DEPRECATED_OBJC_IMPLEMENTATIONS = YES;
				CLANG_WARN_DIRECT_OBJC_ISA_USAGE = YES_ERROR;
				CLANG_WARN_DOCUMENTATION_COMMENTS = YES;
				CLANG_WARN_EMPTY_BODY = YES;
				CLANG_WARN_ENUM_CONVERSION = YES;
				CLANG_WARN_INFINITE_RECURSION = YES;
				CLANG_WARN_INT_CONVERSION = YES;
				CLANG_WARN_NON_LITERAL_NULL_CONVERSION = YES;
				CLANG_WARN_OBJC_IMPLICIT_RETAIN_SELF = YES;
				CLANG_WARN_OBJC_LITERAL_CONVERSION = YES;
				CLANG_WARN_OBJC_ROOT_CLASS = YES_ERROR;
				CLANG_WARN_RANGE_LOOP_ANALYSIS = YES;
				CLANG_WARN_STRICT_PROTOTYPES = YES;
				CLANG_WARN_SUSPICIOUS_MOVE = YES;
				CLANG_WARN_UNGUARDED_AVAILABILITY = YES_AGGRESSIVE;
				CLANG_WARN_UNREACHABLE_CODE = YES;
				CLANG_WARN__DUPLICATE_METHOD_MATCH = YES;
				CODE_SIGN_IDENTITY = "iPhone Developer";
				COPY_PHASE_STRIP = NO;
				DEBUG_INFORMATION_FORMAT = "dwarf-with-dsym";
				ENABLE_NS_ASSERTIONS = NO;
				ENABLE_STRICT_OBJC_MSGSEND = YES;
				GCC_C_LANGUAGE_STANDARD = gnu11;
				GCC_NO_COMMON_BLOCKS = YES;
				GCC_WARN_64_TO_32_BIT_CONVERSION = YES;
				GCC_WARN_ABOUT_RETURN_TYPE = YES_ERROR;
				GCC_WARN_UNDECLARED_SELECTOR = YES;
				GCC_WARN_UNINITIALIZED_AUTOS = YES_AGGRESSIVE;
				GCC_WARN_UNUSED_FUNCTION = YES;
				GCC_WARN_UNUSED_VARIABLE = YES;
				IPHONEOS_DEPLOYMENT_TARGET = 12.1;
				MTL_ENABLE_DEBUG_INFO = NO;
				MTL_FAST_MATH = YES;
				SDKROOT = iphoneos;
				SWIFT_COMPILATION_MODE = wholemodule;
				SWIFT_OPTIMIZATION_LEVEL = "-O";
				VALIDATE_PRODUCT = YES;
			};
			name = Release;
		};
		B28D2A82223237CC0077E6CD /* Debug */ = {
			isa = XCBuildConfiguration;
			baseConfigurationReference = E5DDB6331CB1CF40EBD86EDE /* Pods-PageEditor.debug.xcconfig */;
			buildSettings = {
				ASSETCATALOG_COMPILER_APPICON_NAME = AppIcon;
				CODE_SIGN_STYLE = Automatic;
				DEVELOPMENT_TEAM = Y475J6372H;
				INFOPLIST_FILE = PageEditor/Info.plist;
				LD_RUNPATH_SEARCH_PATHS = (
					"$(inherited)",
					"@executable_path/Frameworks",
				);
				PRODUCT_BUNDLE_IDENTIFIER = yuki.PageEditor;
				PRODUCT_NAME = "$(TARGET_NAME)";
				SWIFT_VERSION = 4.2;
				TARGETED_DEVICE_FAMILY = "1,2";
			};
			name = Debug;
		};
		B28D2A83223237CC0077E6CD /* Release */ = {
			isa = XCBuildConfiguration;
			baseConfigurationReference = F6D66365A7D414DF44965D25 /* Pods-PageEditor.release.xcconfig */;
			buildSettings = {
				ASSETCATALOG_COMPILER_APPICON_NAME = AppIcon;
				CODE_SIGN_STYLE = Automatic;
				DEVELOPMENT_TEAM = Y475J6372H;
				INFOPLIST_FILE = PageEditor/Info.plist;
				LD_RUNPATH_SEARCH_PATHS = (
					"$(inherited)",
					"@executable_path/Frameworks",
				);
				PRODUCT_BUNDLE_IDENTIFIER = yuki.PageEditor;
				PRODUCT_NAME = "$(TARGET_NAME)";
				SWIFT_VERSION = 4.2;
				TARGETED_DEVICE_FAMILY = "1,2";
			};
			name = Release;
		};
		B2EE6C91223B4D6800D260EB /* Debug */ = {
			isa = XCBuildConfiguration;
			buildSettings = {
				BUNDLE_LOADER = "$(TEST_HOST)";
				CODE_SIGN_STYLE = Automatic;
				DEVELOPMENT_TEAM = Y475J6372H;
				INFOPLIST_FILE = PageEditorTests/Info.plist;
				LD_RUNPATH_SEARCH_PATHS = (
					"$(inherited)",
					"@executable_path/Frameworks",
					"@loader_path/Frameworks",
				);
				PRODUCT_BUNDLE_IDENTIFIER = yuki.PageEditorTests;
				PRODUCT_NAME = "$(TARGET_NAME)";
				SWIFT_VERSION = 4.2;
				TARGETED_DEVICE_FAMILY = "1,2";
				TEST_HOST = "$(BUILT_PRODUCTS_DIR)/PageEditor.app/PageEditor";
			};
			name = Debug;
		};
		B2EE6C92223B4D6800D260EB /* Release */ = {
			isa = XCBuildConfiguration;
			buildSettings = {
				BUNDLE_LOADER = "$(TEST_HOST)";
				CODE_SIGN_STYLE = Automatic;
				DEVELOPMENT_TEAM = Y475J6372H;
				INFOPLIST_FILE = PageEditorTests/Info.plist;
				LD_RUNPATH_SEARCH_PATHS = (
					"$(inherited)",
					"@executable_path/Frameworks",
					"@loader_path/Frameworks",
				);
				PRODUCT_BUNDLE_IDENTIFIER = yuki.PageEditorTests;
				PRODUCT_NAME = "$(TARGET_NAME)";
				SWIFT_VERSION = 4.2;
				TARGETED_DEVICE_FAMILY = "1,2";
				TEST_HOST = "$(BUILT_PRODUCTS_DIR)/PageEditor.app/PageEditor";
			};
			name = Release;
		};
/* End XCBuildConfiguration section */

/* Begin XCConfigurationList section */
		B28D2A6A223237CC0077E6CD /* Build configuration list for PBXProject "PageEditor" */ = {
			isa = XCConfigurationList;
			buildConfigurations = (
				B28D2A7F223237CC0077E6CD /* Debug */,
				B28D2A80223237CC0077E6CD /* Release */,
			);
			defaultConfigurationIsVisible = 0;
			defaultConfigurationName = Release;
		};
		B28D2A81223237CC0077E6CD /* Build configuration list for PBXNativeTarget "PageEditor" */ = {
			isa = XCConfigurationList;
			buildConfigurations = (
				B28D2A82223237CC0077E6CD /* Debug */,
				B28D2A83223237CC0077E6CD /* Release */,
			);
			defaultConfigurationIsVisible = 0;
			defaultConfigurationName = Release;
		};
		B2EE6C90223B4D6800D260EB /* Build configuration list for PBXNativeTarget "PageEditorTests" */ = {
			isa = XCConfigurationList;
			buildConfigurations = (
				B2EE6C91223B4D6800D260EB /* Debug */,
				B2EE6C92223B4D6800D260EB /* Release */,
			);
			defaultConfigurationIsVisible = 0;
			defaultConfigurationName = Release;
		};
/* End XCConfigurationList section */
	};
	rootObject = B28D2A67223237CC0077E6CD /* Project object */;
}
